
Microsoft Visual Studio Solution File, Format Version 12.00
# Visual Studio Version 17
VisualStudioVersion = 17.5.33627.172
MinimumVisualStudioVersion = 10.0.40219.1
Project("{FAE04EC0-301F-11D3-BF4B-00C04F79EFBC}") = "TimeMedMarie", "ConsoleApp2\TimeMedMarie.csproj", "{7FFB6964-E0A4-4389-8248-15E59E6A7AFF}"
EndProject
Global
	GlobalSection(SolutionConfigurationPlatforms) = preSolution
		Debug|Any CPU = Debug|Any CPU
		Release|Any CPU = Release|Any CPU
	EndGlobalSection
	GlobalSection(ProjectConfigurationPlatforms) = postSolution
		{7FFB6964-E0A4-4389-8248-15E59E6A7AFF}.Debug|Any CPU.ActiveCfg = Debug|Any CPU
		{7FFB6964-E0A4-4389-8248-15E59E6A7AFF}.Debug|Any CPU.Build.0 = Debug|Any CPU
		{7FFB6964-E0A4-4389-8248-15E59E6A7AFF}.Release|Any CPU.ActiveCfg = Release|Any CPU
		{7FFB6964-E0A4-4389-8248-15E59E6A7AFF}.Release|Any CPU.Build.0 = Release|Any CPU
	EndGlobalSection
	GlobalSection(SolutionProperties) = preSolution
		HideSolutionNode = FALSE
	EndGlobalSection
	GlobalSection(ExtensibilityGlobals) = postSolution
		SolutionGuid = {14EC2F36-B0E6-49FF-A776-72FF16978E68}
	EndGlobalSection
EndGlobal
