
Microsoft Visual Studio Solution File, Format Version 12.00
# Visual Studio Version 17
VisualStudioVersion = 17.5.33627.172
MinimumVisualStudioVersion = 10.0.40219.1
Project("{FAE04EC0-301F-11D3-BF4B-00C04F79EFBC}") = "UndervisningmedTerje16mai", "UndervisningmedTerje16mai\UndervisningmedTerje16mai.csproj", "{81B9E52C-BEF5-429A-90F5-A8147D89C0C0}"
EndProject
Global
	GlobalSection(SolutionConfigurationPlatforms) = preSolution
		Debug|Any CPU = Debug|Any CPU
		Release|Any CPU = Release|Any CPU
	EndGlobalSection
	GlobalSection(ProjectConfigurationPlatforms) = postSolution
		{81B9E52C-BEF5-429A-90F5-A8147D89C0C0}.Debug|Any CPU.ActiveCfg = Debug|Any CPU
		{81B9E52C-BEF5-429A-90F5-A8147D89C0C0}.Debug|Any CPU.Build.0 = Debug|Any CPU
		{81B9E52C-BEF5-429A-90F5-A8147D89C0C0}.Release|Any CPU.ActiveCfg = Release|Any CPU
		{81B9E52C-BEF5-429A-90F5-A8147D89C0C0}.Release|Any CPU.Build.0 = Release|Any CPU
	EndGlobalSection
	GlobalSection(SolutionProperties) = preSolution
		HideSolutionNode = FALSE
	EndGlobalSection
	GlobalSection(ExtensibilityGlobals) = postSolution
		SolutionGuid = {91AFBA43-B61B-4BFC-B5AE-CDE5B55FDB33}
	EndGlobalSection
EndGlobal
