
Microsoft Visual Studio Solution File, Format Version 12.00
# Visual Studio Version 17
VisualStudioVersion = 17.5.33627.172
MinimumVisualStudioVersion = 10.0.40219.1
Project("{FAE04EC0-301F-11D3-BF4B-00C04F79EFBC}") = "NewTamagotchi", "NewTamagotchi\NewTamagotchi.csproj", "{79931CC3-6E21-44CE-961C-854B497D76C9}"
EndProject
Global
	GlobalSection(SolutionConfigurationPlatforms) = preSolution
		Debug|Any CPU = Debug|Any CPU
		Release|Any CPU = Release|Any CPU
	EndGlobalSection
	GlobalSection(ProjectConfigurationPlatforms) = postSolution
		{79931CC3-6E21-44CE-961C-854B497D76C9}.Debug|Any CPU.ActiveCfg = Debug|Any CPU
		{79931CC3-6E21-44CE-961C-854B497D76C9}.Debug|Any CPU.Build.0 = Debug|Any CPU
		{79931CC3-6E21-44CE-961C-854B497D76C9}.Release|Any CPU.ActiveCfg = Release|Any CPU
		{79931CC3-6E21-44CE-961C-854B497D76C9}.Release|Any CPU.Build.0 = Release|Any CPU
	EndGlobalSection
	GlobalSection(SolutionProperties) = preSolution
		HideSolutionNode = FALSE
	EndGlobalSection
	GlobalSection(ExtensibilityGlobals) = postSolution
		SolutionGuid = {F0D52790-90DE-4445-87E9-35BF256C07DD}
	EndGlobalSection
EndGlobal
